{
  "nodes": {
    "nixpkgs": {
      "locked": {
        "lastModified": 1640822900,
        "narHash": "sha256-H44cm4EYvJOLOzw+4aTEgoVV1R+NmZ+S/++0KSKPICc=",
        "owner": "NixOS",
        "repo": "nixpkgs",
        "rev": "4884725b151701282e8c539efc13cfe67dbb3add",
        "type": "github"
      },
      "original": {
        "owner": "NixOS",
        "ref": "haskell-updates",
        "repo": "nixpkgs",
        "type": "github"
      }
    },
    "root": {
      "inputs": {
        "nixpkgs": "nixpkgs"
      }
    }
  },
  "root": "root",
  "version": 7
}
